
Microsoft Visual Studio Solution File, Format Version 12.00
# Visual Studio Version 16
VisualStudioVersion = 16.0.31112.23
MinimumVisualStudioVersion = 10.0.40219.1
Project("{FAE04EC0-301F-11D3-BF4B-00C04F79EFBC}") = "Razor-Core31_NoAuth", "Razor-Core31_NoAuth\Razor-Core31_NoAuth.csproj", "{EB457099-F7D2-4FAB-96A4-BDB40DC04425}"
EndProject
Global
	GlobalSection(SolutionConfigurationPlatforms) = preSolution
		Debug|Any CPU = Debug|Any CPU
		Release|Any CPU = Release|Any CPU
	EndGlobalSection
	GlobalSection(ProjectConfigurationPlatforms) = postSolution
		{EB457099-F7D2-4FAB-96A4-BDB40DC04425}.Debug|Any CPU.ActiveCfg = Debug|Any CPU
		{EB457099-F7D2-4FAB-96A4-BDB40DC04425}.Debug|Any CPU.Build.0 = Debug|Any CPU
		{EB457099-F7D2-4FAB-96A4-BDB40DC04425}.Release|Any CPU.ActiveCfg = Release|Any CPU
		{EB457099-F7D2-4FAB-96A4-BDB40DC04425}.Release|Any CPU.Build.0 = Release|Any CPU
	EndGlobalSection
	GlobalSection(SolutionProperties) = preSolution
		HideSolutionNode = FALSE
	EndGlobalSection
	GlobalSection(ExtensibilityGlobals) = postSolution
		SolutionGuid = {5A347F84-395D-4E92-BAAE-CCAB1D7E98DB}
	EndGlobalSection
EndGlobal
